
Microsoft Visual Studio Solution File, Format Version 12.00
# Visual Studio Version 16
VisualStudioVersion = 16.0.30717.126
MinimumVisualStudioVersion = 10.0.40219.1
Project("{FAE04EC0-301F-11D3-BF4B-00C04F79EFBC}") = "ProcessJobsAsync", "ProcessJobsAsync.csproj", "{AD203420-3D59-467D-90AE-304E8967601C}"
EndProject
Global
	GlobalSection(SolutionConfigurationPlatforms) = preSolution
		Debug|Any CPU = Debug|Any CPU
		Release|Any CPU = Release|Any CPU
	EndGlobalSection
	GlobalSection(ProjectConfigurationPlatforms) = postSolution
		{AD203420-3D59-467D-90AE-304E8967601C}.Debug|Any CPU.ActiveCfg = Debug|Any CPU
		{AD203420-3D59-467D-90AE-304E8967601C}.Debug|Any CPU.Build.0 = Debug|Any CPU
		{AD203420-3D59-467D-90AE-304E8967601C}.Release|Any CPU.ActiveCfg = Release|Any CPU
		{AD203420-3D59-467D-90AE-304E8967601C}.Release|Any CPU.Build.0 = Release|Any CPU
	EndGlobalSection
	GlobalSection(SolutionProperties) = preSolution
		HideSolutionNode = FALSE
	EndGlobalSection
	GlobalSection(ExtensibilityGlobals) = postSolution
		SolutionGuid = {D8B71B83-B0D0-4FF8-9057-612B91DA1155}
	EndGlobalSection
EndGlobal
